
Microsoft Visual Studio Solution File, Format Version 12.00
# Visual Studio 15
VisualStudioVersion = 15.0.27130.2026
MinimumVisualStudioVersion = 10.0.40219.1
Project("{FAE04EC0-301F-11D3-BF4B-00C04F79EFBC}") = "gmaps_tutorial", "gmaps_tutorial\gmaps_tutorial.csproj", "{D46762CF-4929-4444-AC5B-32FA3625E446}"
EndProject
Global
	GlobalSection(SolutionConfigurationPlatforms) = preSolution
		Debug|Any CPU = Debug|Any CPU
		Release|Any CPU = Release|Any CPU
	EndGlobalSection
	GlobalSection(ProjectConfigurationPlatforms) = postSolution
		{D46762CF-4929-4444-AC5B-32FA3625E446}.Debug|Any CPU.ActiveCfg = Debug|Any CPU
		{D46762CF-4929-4444-AC5B-32FA3625E446}.Debug|Any CPU.Build.0 = Debug|Any CPU
		{D46762CF-4929-4444-AC5B-32FA3625E446}.Debug|Any CPU.Deploy.0 = Debug|Any CPU
		{D46762CF-4929-4444-AC5B-32FA3625E446}.Release|Any CPU.ActiveCfg = Release|Any CPU
		{D46762CF-4929-4444-AC5B-32FA3625E446}.Release|Any CPU.Build.0 = Release|Any CPU
		{D46762CF-4929-4444-AC5B-32FA3625E446}.Release|Any CPU.Deploy.0 = Release|Any CPU
	EndGlobalSection
	GlobalSection(SolutionProperties) = preSolution
		HideSolutionNode = FALSE
	EndGlobalSection
	GlobalSection(ExtensibilityGlobals) = postSolution
		SolutionGuid = {D0ED1777-4143-49ED-BB0C-531151136C1B}
	EndGlobalSection
EndGlobal
